
Microsoft Visual Studio Solution File, Format Version 12.00
# Visual Studio Version 16
VisualStudioVersion = 16.0.28803.156
MinimumVisualStudioVersion = 10.0.40219.1
Project("{FAE04EC0-301F-11D3-BF4B-00C04F79EFBC}") = "ShowDeathCause", "ShowDeathCause\ShowDeathCause.csproj", "{A59F45CC-5C63-440C-AAF8-F178335D0D05}"
EndProject
Global
	GlobalSection(SolutionConfigurationPlatforms) = preSolution
		Debug|Any CPU = Debug|Any CPU
		Release|Any CPU = Release|Any CPU
	EndGlobalSection
	GlobalSection(ProjectConfigurationPlatforms) = postSolution
		{A59F45CC-5C63-440C-AAF8-F178335D0D05}.Debug|Any CPU.ActiveCfg = Debug|Any CPU
		{A59F45CC-5C63-440C-AAF8-F178335D0D05}.Debug|Any CPU.Build.0 = Debug|Any CPU
		{A59F45CC-5C63-440C-AAF8-F178335D0D05}.Release|Any CPU.ActiveCfg = Release|Any CPU
		{A59F45CC-5C63-440C-AAF8-F178335D0D05}.Release|Any CPU.Build.0 = Release|Any CPU
	EndGlobalSection
	GlobalSection(SolutionProperties) = preSolution
		HideSolutionNode = FALSE
	EndGlobalSection
	GlobalSection(ExtensibilityGlobals) = postSolution
		SolutionGuid = {75E91B53-7DC1-4123-93DF-573C087D2D01}
	EndGlobalSection
EndGlobal
